// !$*UTF8*$!
{
	archiveVersion = 1;
	classes = {
	};
	objectVersion = 56;
	objects = {

/* Begin PBXBuildFile section */
		4BC9F7DD2BD4060700DC94B6 /* Naruto_UniverseApp.swift in Sources */ = {isa = PBXBuildFile; fileRef = 4BC9F7DC2BD4060700DC94B6 /* Naruto_UniverseApp.swift */; };
		4BC9F7DF2BD4060700DC94B6 /* ContentView.swift in Sources */ = {isa = PBXBuildFile; fileRef = 4BC9F7DE2BD4060700DC94B6 /* ContentView.swift */; };
		4BC9F7E12BD4060800DC94B6 /* Assets.xcassets in Resources */ = {isa = PBXBuildFile; fileRef = 4BC9F7E02BD4060800DC94B6 /* Assets.xcassets */; };
		4BC9F7E52BD4060800DC94B6 /* Preview Assets.xcassets in Resources */ = {isa = PBXBuildFile; fileRef = 4BC9F7E42BD4060800DC94B6 /* Preview Assets.xcassets */; };
		4BC9F8092BD4124200DC94B6 /* LaunchScreen.storyboard in Resources */ = {isa = PBXBuildFile; fileRef = 4BC9F8082BD4124200DC94B6 /* LaunchScreen.storyboard */; };
		4BC9F80E2BD45DED00DC94B6 /* EndPoints.swift in Sources */ = {isa = PBXBuildFile; fileRef = 4BC9F80D2BD45DED00DC94B6 /* EndPoints.swift */; };
		4BC9F8102BD45E6500DC94B6 /* CharacterView.swift in Sources */ = {isa = PBXBuildFile; fileRef = 4BC9F80F2BD45E6500DC94B6 /* CharacterView.swift */; };
		4BC9F8122BD45E7800DC94B6 /* CharacterVIewModel.swift in Sources */ = {isa = PBXBuildFile; fileRef = 4BC9F8112BD45E7800DC94B6 /* CharacterVIewModel.swift */; };
		4BC9F8142BD45EA700DC94B6 /* CharacterModel.swift in Sources */ = {isa = PBXBuildFile; fileRef = 4BC9F8132BD45EA700DC94B6 /* CharacterModel.swift */; };
		4BD9AD1B2BD9779000C62C45 /* AllCharacterModel.swift in Sources */ = {isa = PBXBuildFile; fileRef = 4BD9AD1A2BD9779000C62C45 /* AllCharacterModel.swift */; };
		4BD9AD1D2BD9779F00C62C45 /* AllCharacterViewModel.swift in Sources */ = {isa = PBXBuildFile; fileRef = 4BD9AD1C2BD9779F00C62C45 /* AllCharacterViewModel.swift */; };
		4BD9AD1F2BD977BD00C62C45 /* AllCharacterView.swift in Sources */ = {isa = PBXBuildFile; fileRef = 4BD9AD1E2BD977BD00C62C45 /* AllCharacterView.swift */; };
		4BD9AD212BD9793E00C62C45 /* Extensions.swift in Sources */ = {isa = PBXBuildFile; fileRef = 4BD9AD202BD9793E00C62C45 /* Extensions.swift */; };
		4BD9AD242BD97BE000C62C45 /* Header.swift in Sources */ = {isa = PBXBuildFile; fileRef = 4BD9AD232BD97BE000C62C45 /* Header.swift */; };
		4BD9AD272BD97D2600C62C45 /* njnaruto.ttf in Resources */ = {isa = PBXBuildFile; fileRef = 4BD9AD262BD97D2600C62C45 /* njnaruto.ttf */; };
		4BD9AD292BD97D9D00C62C45 /* NjNarutoText.swift in Sources */ = {isa = PBXBuildFile; fileRef = 4BD9AD282BD97D9D00C62C45 /* NjNarutoText.swift */; };
		4BD9AD2B2BD9844700C62C45 /* ReggaeOne-Regular.ttf in Resources */ = {isa = PBXBuildFile; fileRef = 4BD9AD2A2BD9844700C62C45 /* ReggaeOne-Regular.ttf */; };
		4BD9AD2D2BD9AAEB00C62C45 /* SIngleCharacterView.swift in Sources */ = {isa = PBXBuildFile; fileRef = 4BD9AD2C2BD9AAEB00C62C45 /* SIngleCharacterView.swift */; };
		4BD9AD2F2BD9B05300C62C45 /* NetworkManager.swift in Sources */ = {isa = PBXBuildFile; fileRef = 4BD9AD2E2BD9B05300C62C45 /* NetworkManager.swift */; };
		4BD9AD312BDC39A300C62C45 /* CacheImage.swift in Sources */ = {isa = PBXBuildFile; fileRef = 4BD9AD302BDC39A300C62C45 /* CacheImage.swift */; };
		4BD9AD342BDD92A300C62C45 /* NavigationPath.swift in Sources */ = {isa = PBXBuildFile; fileRef = 4BD9AD332BDD92A300C62C45 /* NavigationPath.swift */; };
		4BD9AD362BDD935900C62C45 /* RootView.swift in Sources */ = {isa = PBXBuildFile; fileRef = 4BD9AD352BDD935900C62C45 /* RootView.swift */; };
		4BD9AD382BDD948200C62C45 /* Router.swift in Sources */ = {isa = PBXBuildFile; fileRef = 4BD9AD372BDD948200C62C45 /* Router.swift */; };
/* End PBXBuildFile section */

/* Begin PBXFileReference section */
		4BC9F7D92BD4060700DC94B6 /* Naruto Universe.app */ = {isa = PBXFileReference; explicitFileType = wrapper.application; includeInIndex = 0; path = "Naruto Universe.app"; sourceTree = BUILT_PRODUCTS_DIR; };
		4BC9F7DC2BD4060700DC94B6 /* Naruto_UniverseApp.swift */ = {isa = PBXFileReference; lastKnownFileType = sourcecode.swift; path = Naruto_UniverseApp.swift; sourceTree = "<group>"; };
		4BC9F7DE2BD4060700DC94B6 /* ContentView.swift */ = {isa = PBXFileReference; lastKnownFileType = sourcecode.swift; path = ContentView.swift; sourceTree = "<group>"; };
		4BC9F7E02BD4060800DC94B6 /* Assets.xcassets */ = {isa = PBXFileReference; lastKnownFileType = folder.assetcatalog; path = Assets.xcassets; sourceTree = "<group>"; };
		4BC9F7E22BD4060800DC94B6 /* Naruto_Universe.entitlements */ = {isa = PBXFileReference; lastKnownFileType = text.plist.entitlements; path = Naruto_Universe.entitlements; sourceTree = "<group>"; };
		4BC9F7E42BD4060800DC94B6 /* Preview Assets.xcassets */ = {isa = PBXFileReference; lastKnownFileType = folder.assetcatalog; path = "Preview Assets.xcassets"; sourceTree = "<group>"; };
		4BC9F8072BD40D5000DC94B6 /* Info.plist */ = {isa = PBXFileReference; lastKnownFileType = text.plist.xml; path = Info.plist; sourceTree = SOURCE_ROOT; };
		4BC9F8082BD4124200DC94B6 /* LaunchScreen.storyboard */ = {isa = PBXFileReference; lastKnownFileType = file.storyboard; path = LaunchScreen.storyboard; sourceTree = "<group>"; };
		4BC9F80D2BD45DED00DC94B6 /* EndPoints.swift */ = {isa = PBXFileReference; lastKnownFileType = sourcecode.swift; path = EndPoints.swift; sourceTree = "<group>"; };
		4BC9F80F2BD45E6500DC94B6 /* CharacterView.swift */ = {isa = PBXFileReference; lastKnownFileType = sourcecode.swift; path = CharacterView.swift; sourceTree = "<group>"; };
		4BC9F8112BD45E7800DC94B6 /* CharacterVIewModel.swift */ = {isa = PBXFileReference; lastKnownFileType = sourcecode.swift; path = CharacterVIewModel.swift; sourceTree = "<group>"; };
		4BC9F8132BD45EA700DC94B6 /* CharacterModel.swift */ = {isa = PBXFileReference; lastKnownFileType = sourcecode.swift; path = CharacterModel.swift; sourceTree = "<group>"; };
		4BD9AD1A2BD9779000C62C45 /* AllCharacterModel.swift */ = {isa = PBXFileReference; lastKnownFileType = sourcecode.swift; path = AllCharacterModel.swift; sourceTree = "<group>"; };
		4BD9AD1C2BD9779F00C62C45 /* AllCharacterViewModel.swift */ = {isa = PBXFileReference; lastKnownFileType = sourcecode.swift; path = AllCharacterViewModel.swift; sourceTree = "<group>"; };
		4BD9AD1E2BD977BD00C62C45 /* AllCharacterView.swift */ = {isa = PBXFileReference; lastKnownFileType = sourcecode.swift; path = AllCharacterView.swift; sourceTree = "<group>"; };
		4BD9AD202BD9793E00C62C45 /* Extensions.swift */ = {isa = PBXFileReference; lastKnownFileType = sourcecode.swift; path = Extensions.swift; sourceTree = "<group>"; };
		4BD9AD232BD97BE000C62C45 /* Header.swift */ = {isa = PBXFileReference; lastKnownFileType = sourcecode.swift; path = Header.swift; sourceTree = "<group>"; };
		4BD9AD262BD97D2600C62C45 /* njnaruto.ttf */ = {isa = PBXFileReference; lastKnownFileType = file; path = njnaruto.ttf; sourceTree = "<group>"; };
		4BD9AD282BD97D9D00C62C45 /* NjNarutoText.swift */ = {isa = PBXFileReference; lastKnownFileType = sourcecode.swift; path = NjNarutoText.swift; sourceTree = "<group>"; };
		4BD9AD2A2BD9844700C62C45 /* ReggaeOne-Regular.ttf */ = {isa = PBXFileReference; lastKnownFileType = file; path = "ReggaeOne-Regular.ttf"; sourceTree = "<group>"; };
		4BD9AD2C2BD9AAEB00C62C45 /* SIngleCharacterView.swift */ = {isa = PBXFileReference; lastKnownFileType = sourcecode.swift; path = SIngleCharacterView.swift; sourceTree = "<group>"; };
		4BD9AD2E2BD9B05300C62C45 /* NetworkManager.swift */ = {isa = PBXFileReference; lastKnownFileType = sourcecode.swift; path = NetworkManager.swift; sourceTree = "<group>"; };
		4BD9AD302BDC39A300C62C45 /* CacheImage.swift */ = {isa = PBXFileReference; lastKnownFileType = sourcecode.swift; path = CacheImage.swift; sourceTree = "<group>"; };
		4BD9AD332BDD92A300C62C45 /* NavigationPath.swift */ = {isa = PBXFileReference; lastKnownFileType = sourcecode.swift; path = NavigationPath.swift; sourceTree = "<group>"; };
		4BD9AD352BDD935900C62C45 /* RootView.swift */ = {isa = PBXFileReference; lastKnownFileType = sourcecode.swift; path = RootView.swift; sourceTree = "<group>"; };
		4BD9AD372BDD948200C62C45 /* Router.swift */ = {isa = PBXFileReference; lastKnownFileType = sourcecode.swift; path = Router.swift; sourceTree = "<group>"; };
/* End PBXFileReference section */

/* Begin PBXFrameworksBuildPhase section */
		4BC9F7D62BD4060700DC94B6 /* Frameworks */ = {
			isa = PBXFrameworksBuildPhase;
			buildActionMask = 2147483647;
			files = (
			);
			runOnlyForDeploymentPostprocessing = 0;
		};
/* End PBXFrameworksBuildPhase section */

/* Begin PBXGroup section */
		4BC9F7D02BD4060700DC94B6 = {
			isa = PBXGroup;
			children = (
				4BC9F7DB2BD4060700DC94B6 /* Naruto Universe */,
				4BC9F7DA2BD4060700DC94B6 /* Products */,
			);
			sourceTree = "<group>";
		};
		4BC9F7DA2BD4060700DC94B6 /* Products */ = {
			isa = PBXGroup;
			children = (
				4BC9F7D92BD4060700DC94B6 /* Naruto Universe.app */,
			);
			name = Products;
			sourceTree = "<group>";
		};
		4BC9F7DB2BD4060700DC94B6 /* Naruto Universe */ = {
			isa = PBXGroup;
			children = (
				4BD9AD252BD97CD600C62C45 /* Fonts */,
				4BC9F80A2BD419E900DC94B6 /* Module */,
				4BC9F8072BD40D5000DC94B6 /* Info.plist */,
				4BC9F7DC2BD4060700DC94B6 /* Naruto_UniverseApp.swift */,
				4BC9F7DE2BD4060700DC94B6 /* ContentView.swift */,
				4BC9F7E02BD4060800DC94B6 /* Assets.xcassets */,
				4BC9F7E22BD4060800DC94B6 /* Naruto_Universe.entitlements */,
				4BC9F7E32BD4060800DC94B6 /* Preview Content */,
				4BC9F8082BD4124200DC94B6 /* LaunchScreen.storyboard */,
			);
			path = "Naruto Universe";
			sourceTree = "<group>";
		};
		4BC9F7E32BD4060800DC94B6 /* Preview Content */ = {
			isa = PBXGroup;
			children = (
				4BC9F7E42BD4060800DC94B6 /* Preview Assets.xcassets */,
			);
			path = "Preview Content";
			sourceTree = "<group>";
		};
		4BC9F80A2BD419E900DC94B6 /* Module */ = {
			isa = PBXGroup;
			children = (
				4BD9AD322BDD925400C62C45 /* Navigation Stack */,
				4BD9AD192BD9777C00C62C45 /* All Character */,
				4BC9F8152BD461C800DC94B6 /* Network Manager */,
				4BC9F80C2BD45DD800DC94B6 /* Utility */,
				4BC9F80B2BD419F100DC94B6 /* Character */,
			);
			path = Module;
			sourceTree = "<group>";
		};
		4BC9F80B2BD419F100DC94B6 /* Character */ = {
			isa = PBXGroup;
			children = (
				4BC9F80F2BD45E6500DC94B6 /* CharacterView.swift */,
				4BC9F8112BD45E7800DC94B6 /* CharacterVIewModel.swift */,
				4BC9F8132BD45EA700DC94B6 /* CharacterModel.swift */,
			);
			path = Character;
			sourceTree = "<group>";
		};
		4BC9F80C2BD45DD800DC94B6 /* Utility */ = {
			isa = PBXGroup;
			children = (
				4BD9AD222BD97BC100C62C45 /* Reusable Component */,
				4BC9F80D2BD45DED00DC94B6 /* EndPoints.swift */,
				4BD9AD202BD9793E00C62C45 /* Extensions.swift */,
			);
			path = Utility;
			sourceTree = "<group>";
		};
		4BC9F8152BD461C800DC94B6 /* Network Manager */ = {
			isa = PBXGroup;
			children = (
				4BD9AD2E2BD9B05300C62C45 /* NetworkManager.swift */,
			);
			path = "Network Manager";
			sourceTree = "<group>";
		};
		4BD9AD192BD9777C00C62C45 /* All Character */ = {
			isa = PBXGroup;
			children = (
				4BD9AD1A2BD9779000C62C45 /* AllCharacterModel.swift */,
				4BD9AD1C2BD9779F00C62C45 /* AllCharacterViewModel.swift */,
				4BD9AD1E2BD977BD00C62C45 /* AllCharacterView.swift */,
			);
			path = "All Character";
			sourceTree = "<group>";
		};
		4BD9AD222BD97BC100C62C45 /* Reusable Component */ = {
			isa = PBXGroup;
			children = (
				4BD9AD232BD97BE000C62C45 /* Header.swift */,
				4BD9AD282BD97D9D00C62C45 /* NjNarutoText.swift */,
				4BD9AD2C2BD9AAEB00C62C45 /* SIngleCharacterView.swift */,
				4BD9AD302BDC39A300C62C45 /* CacheImage.swift */,
			);
			path = "Reusable Component";
			sourceTree = "<group>";
		};
		4BD9AD252BD97CD600C62C45 /* Fonts */ = {
			isa = PBXGroup;
			children = (
				4BD9AD262BD97D2600C62C45 /* njnaruto.ttf */,
				4BD9AD2A2BD9844700C62C45 /* ReggaeOne-Regular.ttf */,
			);
			path = Fonts;
			sourceTree = "<group>";
		};
		4BD9AD322BDD925400C62C45 /* Navigation Stack */ = {
			isa = PBXGroup;
			children = (
				4BD9AD332BDD92A300C62C45 /* NavigationPath.swift */,
				4BD9AD352BDD935900C62C45 /* RootView.swift */,
				4BD9AD372BDD948200C62C45 /* Router.swift */,
			);
			path = "Navigation Stack";
			sourceTree = "<group>";
		};
/* End PBXGroup section */

/* Begin PBXNativeTarget section */
		4BC9F7D82BD4060700DC94B6 /* Naruto Universe */ = {
			isa = PBXNativeTarget;
			buildConfigurationList = 4BC9F7E82BD4060800DC94B6 /* Build configuration list for PBXNativeTarget "Naruto Universe" */;
			buildPhases = (
				4BC9F7D52BD4060700DC94B6 /* Sources */,
				4BC9F7D62BD4060700DC94B6 /* Frameworks */,
				4BC9F7D72BD4060700DC94B6 /* Resources */,
			);
			buildRules = (
			);
			dependencies = (
			);
			name = "Naruto Universe";
			productName = "Naruto Universe";
			productReference = 4BC9F7D92BD4060700DC94B6 /* Naruto Universe.app */;
			productType = "com.apple.product-type.application";
		};
/* End PBXNativeTarget section */

/* Begin PBXProject section */
		4BC9F7D12BD4060700DC94B6 /* Project object */ = {
			isa = PBXProject;
			attributes = {
				BuildIndependentTargetsInParallel = 1;
				LastSwiftUpdateCheck = 1530;
				LastUpgradeCheck = 1530;
				TargetAttributes = {
					4BC9F7D82BD4060700DC94B6 = {
						CreatedOnToolsVersion = 15.3;
					};
				};
			};
			buildConfigurationList = 4BC9F7D42BD4060700DC94B6 /* Build configuration list for PBXProject "Naruto Universe" */;
			compatibilityVersion = "Xcode 14.0";
			developmentRegion = en;
			hasScannedForEncodings = 0;
			knownRegions = (
				en,
				Base,
			);
			mainGroup = 4BC9F7D02BD4060700DC94B6;
			productRefGroup = 4BC9F7DA2BD4060700DC94B6 /* Products */;
			projectDirPath = "";
			projectRoot = "";
			targets = (
				4BC9F7D82BD4060700DC94B6 /* Naruto Universe */,
			);
		};
/* End PBXProject section */

/* Begin PBXResourcesBuildPhase section */
		4BC9F7D72BD4060700DC94B6 /* Resources */ = {
			isa = PBXResourcesBuildPhase;
			buildActionMask = 2147483647;
			files = (
				4BD9AD2B2BD9844700C62C45 /* ReggaeOne-Regular.ttf in Resources */,
				4BC9F8092BD4124200DC94B6 /* LaunchScreen.storyboard in Resources */,
				4BD9AD272BD97D2600C62C45 /* njnaruto.ttf in Resources */,
				4BC9F7E52BD4060800DC94B6 /* Preview Assets.xcassets in Resources */,
				4BC9F7E12BD4060800DC94B6 /* Assets.xcassets in Resources */,
			);
			runOnlyForDeploymentPostprocessing = 0;
		};
/* End PBXResourcesBuildPhase section */

/* Begin PBXSourcesBuildPhase section */
		4BC9F7D52BD4060700DC94B6 /* Sources */ = {
			isa = PBXSourcesBuildPhase;
			buildActionMask = 2147483647;
			files = (
				4BD9AD312BDC39A300C62C45 /* CacheImage.swift in Sources */,
				4BD9AD1D2BD9779F00C62C45 /* AllCharacterViewModel.swift in Sources */,
				4BC9F7DF2BD4060700DC94B6 /* ContentView.swift in Sources */,
				4BD9AD362BDD935900C62C45 /* RootView.swift in Sources */,
				4BD9AD382BDD948200C62C45 /* Router.swift in Sources */,
				4BC9F80E2BD45DED00DC94B6 /* EndPoints.swift in Sources */,
				4BC9F8102BD45E6500DC94B6 /* CharacterView.swift in Sources */,
				4BD9AD1F2BD977BD00C62C45 /* AllCharacterView.swift in Sources */,
				4BD9AD242BD97BE000C62C45 /* Header.swift in Sources */,
				4BD9AD2D2BD9AAEB00C62C45 /* SIngleCharacterView.swift in Sources */,
				4BD9AD212BD9793E00C62C45 /* Extensions.swift in Sources */,
				4BC9F8142BD45EA700DC94B6 /* CharacterModel.swift in Sources */,
				4BD9AD1B2BD9779000C62C45 /* AllCharacterModel.swift in Sources */,
				4BD9AD2F2BD9B05300C62C45 /* NetworkManager.swift in Sources */,
				4BD9AD342BDD92A300C62C45 /* NavigationPath.swift in Sources */,
				4BC9F7DD2BD4060700DC94B6 /* Naruto_UniverseApp.swift in Sources */,
				4BC9F8122BD45E7800DC94B6 /* CharacterVIewModel.swift in Sources */,
				4BD9AD292BD97D9D00C62C45 /* NjNarutoText.swift in Sources */,
			);
			runOnlyForDeploymentPostprocessing = 0;
		};
/* End PBXSourcesBuildPhase section */

/* Begin XCBuildConfiguration section */
		4BC9F7E62BD4060800DC94B6 /* Debug */ = {
			isa = XCBuildConfiguration;
			buildSettings = {
				ALWAYS_SEARCH_USER_PATHS = NO;
				ASSETCATALOG_COMPILER_GENERATE_SWIFT_ASSET_SYMBOL_EXTENSIONS = YES;
				CLANG_ANALYZER_NONNULL = YES;
				CLANG_ANALYZER_NUMBER_OBJECT_CONVERSION = YES_AGGRESSIVE;
				CLANG_CXX_LANGUAGE_STANDARD = "gnu++20";
				CLANG_ENABLE_MODULES = YES;
				CLANG_ENABLE_OBJC_ARC = YES;
				CLANG_ENABLE_OBJC_WEAK = YES;
				CLANG_WARN_BLOCK_CAPTURE_AUTORELEASING = YES;
				CLANG_WARN_BOOL_CONVERSION = YES;
				CLANG_WARN_COMMA = YES;
				CLANG_WARN_CONSTANT_CONVERSION = YES;
				CLANG_WARN_DEPRECATED_OBJC_IMPLEMENTATIONS = YES;
				CLANG_WARN_DIRECT_OBJC_ISA_USAGE = YES_ERROR;
				CLANG_WARN_DOCUMENTATION_COMMENTS = YES;
				CLANG_WARN_EMPTY_BODY = YES;
				CLANG_WARN_ENUM_CONVERSION = YES;
				CLANG_WARN_INFINITE_RECURSION = YES;
				CLANG_WARN_INT_CONVERSION = YES;
				CLANG_WARN_NON_LITERAL_NULL_CONVERSION = YES;
				CLANG_WARN_OBJC_IMPLICIT_RETAIN_SELF = YES;
				CLANG_WARN_OBJC_LITERAL_CONVERSION = YES;
				CLANG_WARN_OBJC_ROOT_CLASS = YES_ERROR;
				CLANG_WARN_QUOTED_INCLUDE_IN_FRAMEWORK_HEADER = YES;
				CLANG_WARN_RANGE_LOOP_ANALYSIS = YES;
				CLANG_WARN_STRICT_PROTOTYPES = YES;
				CLANG_WARN_SUSPICIOUS_MOVE = YES;
				CLANG_WARN_UNGUARDED_AVAILABILITY = YES_AGGRESSIVE;
				CLANG_WARN_UNREACHABLE_CODE = YES;
				CLANG_WARN__DUPLICATE_METHOD_MATCH = YES;
				COPY_PHASE_STRIP = NO;
				DEBUG_INFORMATION_FORMAT = dwarf;
				ENABLE_STRICT_OBJC_MSGSEND = YES;
				ENABLE_TESTABILITY = YES;
				ENABLE_USER_SCRIPT_SANDBOXING = YES;
				GCC_C_LANGUAGE_STANDARD = gnu17;
				GCC_DYNAMIC_NO_PIC = NO;
				GCC_NO_COMMON_BLOCKS = YES;
				GCC_OPTIMIZATION_LEVEL = 0;
				GCC_PREPROCESSOR_DEFINITIONS = (
					"DEBUG=1",
					"$(inherited)",
				);
				GCC_WARN_64_TO_32_BIT_CONVERSION = YES;
				GCC_WARN_ABOUT_RETURN_TYPE = YES_ERROR;
				GCC_WARN_UNDECLARED_SELECTOR = YES;
				GCC_WARN_UNINITIALIZED_AUTOS = YES_AGGRESSIVE;
				GCC_WARN_UNUSED_FUNCTION = YES;
				GCC_WARN_UNUSED_VARIABLE = YES;
				LOCALIZATION_PREFERS_STRING_CATALOGS = YES;
				MTL_ENABLE_DEBUG_INFO = INCLUDE_SOURCE;
				MTL_FAST_MATH = YES;
				ONLY_ACTIVE_ARCH = YES;
				SWIFT_ACTIVE_COMPILATION_CONDITIONS = "DEBUG $(inherited)";
				SWIFT_OPTIMIZATION_LEVEL = "-Onone";
			};
			name = Debug;
		};
		4BC9F7E72BD4060800DC94B6 /* Release */ = {
			isa = XCBuildConfiguration;
			buildSettings = {
				ALWAYS_SEARCH_USER_PATHS = NO;
				ASSETCATALOG_COMPILER_GENERATE_SWIFT_ASSET_SYMBOL_EXTENSIONS = YES;
				CLANG_ANALYZER_NONNULL = YES;
				CLANG_ANALYZER_NUMBER_OBJECT_CONVERSION = YES_AGGRESSIVE;
				CLANG_CXX_LANGUAGE_STANDARD = "gnu++20";
				CLANG_ENABLE_MODULES = YES;
				CLANG_ENABLE_OBJC_ARC = YES;
				CLANG_ENABLE_OBJC_WEAK = YES;
				CLANG_WARN_BLOCK_CAPTURE_AUTORELEASING = YES;
				CLANG_WARN_BOOL_CONVERSION = YES;
				CLANG_WARN_COMMA = YES;
				CLANG_WARN_CONSTANT_CONVERSION = YES;
				CLANG_WARN_DEPRECATED_OBJC_IMPLEMENTATIONS = YES;
				CLANG_WARN_DIRECT_OBJC_ISA_USAGE = YES_ERROR;
				CLANG_WARN_DOCUMENTATION_COMMENTS = YES;
				CLANG_WARN_EMPTY_BODY = YES;
				CLANG_WARN_ENUM_CONVERSION = YES;
				CLANG_WARN_INFINITE_RECURSION = YES;
				CLANG_WARN_INT_CONVERSION = YES;
				CLANG_WARN_NON_LITERAL_NULL_CONVERSION = YES;
				CLANG_WARN_OBJC_IMPLICIT_RETAIN_SELF = YES;
				CLANG_WARN_OBJC_LITERAL_CONVERSION = YES;
				CLANG_WARN_OBJC_ROOT_CLASS = YES_ERROR;
				CLANG_WARN_QUOTED_INCLUDE_IN_FRAMEWORK_HEADER = YES;
				CLANG_WARN_RANGE_LOOP_ANALYSIS = YES;
				CLANG_WARN_STRICT_PROTOTYPES = YES;
				CLANG_WARN_SUSPICIOUS_MOVE = YES;
				CLANG_WARN_UNGUARDED_AVAILABILITY = YES_AGGRESSIVE;
				CLANG_WARN_UNREACHABLE_CODE = YES;
				CLANG_WARN__DUPLICATE_METHOD_MATCH = YES;
				COPY_PHASE_STRIP = NO;
				DEBUG_INFORMATION_FORMAT = "dwarf-with-dsym";
				ENABLE_NS_ASSERTIONS = NO;
				ENABLE_STRICT_OBJC_MSGSEND = YES;
				ENABLE_USER_SCRIPT_SANDBOXING = YES;
				GCC_C_LANGUAGE_STANDARD = gnu17;
				GCC_NO_COMMON_BLOCKS = YES;
				GCC_WARN_64_TO_32_BIT_CONVERSION = YES;
				GCC_WARN_ABOUT_RETURN_TYPE = YES_ERROR;
				GCC_WARN_UNDECLARED_SELECTOR = YES;
				GCC_WARN_UNINITIALIZED_AUTOS = YES_AGGRESSIVE;
				GCC_WARN_UNUSED_FUNCTION = YES;
				GCC_WARN_UNUSED_VARIABLE = YES;
				LOCALIZATION_PREFERS_STRING_CATALOGS = YES;
				MTL_ENABLE_DEBUG_INFO = NO;
				MTL_FAST_MATH = YES;
				SWIFT_COMPILATION_MODE = wholemodule;
			};
			name = Release;
		};
		4BC9F7E92BD4060800DC94B6 /* Debug */ = {
			isa = XCBuildConfiguration;
			buildSettings = {
				ASSETCATALOG_COMPILER_APPICON_NAME = AppIcon;
				ASSETCATALOG_COMPILER_GLOBAL_ACCENT_COLOR_NAME = AccentColor;
				CODE_SIGN_ENTITLEMENTS = "Naruto Universe/Naruto_Universe.entitlements";
				CODE_SIGN_STYLE = Automatic;
				CURRENT_PROJECT_VERSION = 1;
				DEVELOPMENT_ASSET_PATHS = "\"Naruto Universe/Preview Content\"";
				DEVELOPMENT_TEAM = 8K5Z5UAV3V;
				ENABLE_HARDENED_RUNTIME = YES;
				ENABLE_PREVIEWS = YES;
				GENERATE_INFOPLIST_FILE = YES;
				INFOPLIST_FILE = Info.plist;
				"INFOPLIST_KEY_UIApplicationSceneManifest_Generation[sdk=iphoneos*]" = YES;
				"INFOPLIST_KEY_UIApplicationSceneManifest_Generation[sdk=iphonesimulator*]" = YES;
				"INFOPLIST_KEY_UIApplicationSupportsIndirectInputEvents[sdk=iphoneos*]" = YES;
				"INFOPLIST_KEY_UIApplicationSupportsIndirectInputEvents[sdk=iphonesimulator*]" = YES;
				"INFOPLIST_KEY_UILaunchScreen_Generation[sdk=iphoneos*]" = YES;
				"INFOPLIST_KEY_UILaunchScreen_Generation[sdk=iphonesimulator*]" = YES;
				INFOPLIST_KEY_UILaunchStoryboardName = LaunchScreen.storyboard;
				"INFOPLIST_KEY_UIStatusBarStyle[sdk=iphoneos*]" = UIStatusBarStyleDefault;
				"INFOPLIST_KEY_UIStatusBarStyle[sdk=iphonesimulator*]" = UIStatusBarStyleDefault;
				INFOPLIST_KEY_UISupportedInterfaceOrientations = UIInterfaceOrientationPortrait;
				INFOPLIST_KEY_UISupportedInterfaceOrientations_iPad = "UIInterfaceOrientationLandscapeLeft UIInterfaceOrientationPortrait UIInterfaceOrientationPortraitUpsideDown";
				IPHONEOS_DEPLOYMENT_TARGET = 17.4;
				LD_RUNPATH_SEARCH_PATHS = "@executable_path/Frameworks";
				"LD_RUNPATH_SEARCH_PATHS[sdk=macosx*]" = "@executable_path/../Frameworks";
				MACOSX_DEPLOYMENT_TARGET = 14.4;
				MARKETING_VERSION = 1.0;
				PRODUCT_BUNDLE_IDENTIFIER = "com.Naruto-Universe";
				PRODUCT_NAME = "$(TARGET_NAME)";
				SDKROOT = auto;
				SUPPORTED_PLATFORMS = "iphoneos iphonesimulator";
				SUPPORTS_MACCATALYST = NO;
				SWIFT_EMIT_LOC_STRINGS = YES;
				SWIFT_VERSION = 5.0;
				TARGETED_DEVICE_FAMILY = 1;
			};
			name = Debug;
		};
		4BC9F7EA2BD4060800DC94B6 /* Release */ = {
			isa = XCBuildConfiguration;
			buildSettings = {
				ASSETCATALOG_COMPILER_APPICON_NAME = AppIcon;
				ASSETCATALOG_COMPILER_GLOBAL_ACCENT_COLOR_NAME = AccentColor;
				CODE_SIGN_ENTITLEMENTS = "Naruto Universe/Naruto_Universe.entitlements";
				CODE_SIGN_STYLE = Automatic;
				CURRENT_PROJECT_VERSION = 1;
				DEVELOPMENT_ASSET_PATHS = "\"Naruto Universe/Preview Content\"";
				DEVELOPMENT_TEAM = 8K5Z5UAV3V;
				ENABLE_HARDENED_RUNTIME = YES;
				ENABLE_PREVIEWS = YES;
				GENERATE_INFOPLIST_FILE = YES;
				INFOPLIST_FILE = Info.plist;
				"INFOPLIST_KEY_UIApplicationSceneManifest_Generation[sdk=iphoneos*]" = YES;
				"INFOPLIST_KEY_UIApplicationSceneManifest_Generation[sdk=iphonesimulator*]" = YES;
				"INFOPLIST_KEY_UIApplicationSupportsIndirectInputEvents[sdk=iphoneos*]" = YES;
				"INFOPLIST_KEY_UIApplicationSupportsIndirectInputEvents[sdk=iphonesimulator*]" = YES;
				"INFOPLIST_KEY_UILaunchScreen_Generation[sdk=iphoneos*]" = YES;
				"INFOPLIST_KEY_UILaunchScreen_Generation[sdk=iphonesimulator*]" = YES;
				INFOPLIST_KEY_UILaunchStoryboardName = LaunchScreen.storyboard;
				"INFOPLIST_KEY_UIStatusBarStyle[sdk=iphoneos*]" = UIStatusBarStyleDefault;
				"INFOPLIST_KEY_UIStatusBarStyle[sdk=iphonesimulator*]" = UIStatusBarStyleDefault;
				INFOPLIST_KEY_UISupportedInterfaceOrientations = UIInterfaceOrientationPortrait;
				INFOPLIST_KEY_UISupportedInterfaceOrientations_iPad = "UIInterfaceOrientationLandscapeLeft UIInterfaceOrientationPortrait UIInterfaceOrientationPortraitUpsideDown";
				IPHONEOS_DEPLOYMENT_TARGET = 17.4;
				LD_RUNPATH_SEARCH_PATHS = "@executable_path/Frameworks";
				"LD_RUNPATH_SEARCH_PATHS[sdk=macosx*]" = "@executable_path/../Frameworks";
				MACOSX_DEPLOYMENT_TARGET = 14.4;
				MARKETING_VERSION = 1.0;
				PRODUCT_BUNDLE_IDENTIFIER = "com.Naruto-Universe";
				PRODUCT_NAME = "$(TARGET_NAME)";
				SDKROOT = auto;
				SUPPORTED_PLATFORMS = "iphoneos iphonesimulator";
				SUPPORTS_MACCATALYST = NO;
				SWIFT_EMIT_LOC_STRINGS = YES;
				SWIFT_VERSION = 5.0;
				TARGETED_DEVICE_FAMILY = 1;
			};
			name = Release;
		};
/* End XCBuildConfiguration section */

/* Begin XCConfigurationList section */
		4BC9F7D42BD4060700DC94B6 /* Build configuration list for PBXProject "Naruto Universe" */ = {
			isa = XCConfigurationList;
			buildConfigurations = (
				4BC9F7E62BD4060800DC94B6 /* Debug */,
				4BC9F7E72BD4060800DC94B6 /* Release */,
			);
			defaultConfigurationIsVisible = 0;
			defaultConfigurationName = Release;
		};
		4BC9F7E82BD4060800DC94B6 /* Build configuration list for PBXNativeTarget "Naruto Universe" */ = {
			isa = XCConfigurationList;
			buildConfigurations = (
				4BC9F7E92BD4060800DC94B6 /* Debug */,
				4BC9F7EA2BD4060800DC94B6 /* Release */,
			);
			defaultConfigurationIsVisible = 0;
			defaultConfigurationName = Release;
		};
/* End XCConfigurationList section */
	};
	rootObject = 4BC9F7D12BD4060700DC94B6 /* Project object */;
}
